
Microsoft Visual Studio Solution File, Format Version 12.00
# Visual Studio Version 17
VisualStudioVersion = 17.11.35327.3
MinimumVisualStudioVersion = 10.0.40219.1
Project("{9A19103F-16F7-4668-BE54-9A1E7A4F7556}") = "HealthSoft.Core", "HealthSoft.Core\HealthSoft.Core.csproj", "{F192281A-A9A4-4A44-BEE3-938A68EFA787}"
EndProject
Project("{9A19103F-16F7-4668-BE54-9A1E7A4F7556}") = "HealthSoft.Infrastructure", "HealthSoft.Infrastructure\HealthSoft.Infrastructure.csproj", "{8707A513-77CC-4D3E-B48E-3441F43C95A9}"
EndProject
Project("{FAE04EC0-301F-11D3-BF4B-00C04F79EFBC}") = "HealthSoft.WebApp", "HealthSoft.WebApp\HealthSoft.WebApp.csproj", "{6E6E3832-4A70-494B-BFFC-A1989E617FCA}"
EndProject
Global
	GlobalSection(SolutionConfigurationPlatforms) = preSolution
		Debug|Any CPU = Debug|Any CPU
		Release|Any CPU = Release|Any CPU
	EndGlobalSection
	GlobalSection(ProjectConfigurationPlatforms) = postSolution
		{F192281A-A9A4-4A44-BEE3-938A68EFA787}.Debug|Any CPU.ActiveCfg = Debug|Any CPU
		{F192281A-A9A4-4A44-BEE3-938A68EFA787}.Debug|Any CPU.Build.0 = Debug|Any CPU
		{F192281A-A9A4-4A44-BEE3-938A68EFA787}.Release|Any CPU.ActiveCfg = Release|Any CPU
		{F192281A-A9A4-4A44-BEE3-938A68EFA787}.Release|Any CPU.Build.0 = Release|Any CPU
		{8707A513-77CC-4D3E-B48E-3441F43C95A9}.Debug|Any CPU.ActiveCfg = Debug|Any CPU
		{8707A513-77CC-4D3E-B48E-3441F43C95A9}.Debug|Any CPU.Build.0 = Debug|Any CPU
		{8707A513-77CC-4D3E-B48E-3441F43C95A9}.Release|Any CPU.ActiveCfg = Release|Any CPU
		{8707A513-77CC-4D3E-B48E-3441F43C95A9}.Release|Any CPU.Build.0 = Release|Any CPU
		{6E6E3832-4A70-494B-BFFC-A1989E617FCA}.Debug|Any CPU.ActiveCfg = Debug|Any CPU
		{6E6E3832-4A70-494B-BFFC-A1989E617FCA}.Debug|Any CPU.Build.0 = Debug|Any CPU
		{6E6E3832-4A70-494B-BFFC-A1989E617FCA}.Release|Any CPU.ActiveCfg = Release|Any CPU
		{6E6E3832-4A70-494B-BFFC-A1989E617FCA}.Release|Any CPU.Build.0 = Release|Any CPU
	EndGlobalSection
	GlobalSection(SolutionProperties) = preSolution
		HideSolutionNode = FALSE
	EndGlobalSection
	GlobalSection(ExtensibilityGlobals) = postSolution
		SolutionGuid = {0444825D-22B6-4F59-A8EC-7D97680B738E}
	EndGlobalSection
EndGlobal
